github.com/DEEBBLUE/ExProtos v0.0.4 h1:JSUJQGDG3gVeNTH8bQM50/057oTZVtuGg407fWGqfU4=
github.com/DEEBBLUE/ExProtos v0.0.4/go.mod h1:pugzyn9As5AuaBxeTg934ZS+1eJ/1mTgnjSR3thLHwI=
github.com/DEEBBLUE/ExProtos v0.0.8 h1:eJwdP3plReoeWkKRlVtFx4jCwMEHYwpEQtezwpTwo8E=
github.com/DEEBBLUE/ExProtos v0.0.8/go.mod h1:pugzyn9As5AuaBxeTg934ZS+1eJ/1mTgnjSR3thLHwI=
github.com/DEEBBLUE/ExProtos v0.0.9 h1:aV6y+v68kNtkeKhF8WTln/sKDw6cvoQM67Aw/1O++QQ=
github.com/DEEBBLUE/ExProtos v0.0.9/go.mod h1:pugzyn9As5AuaBxeTg934ZS+1eJ/1mTgnjSR3thLHwI=
github.com/DEEBBLUE/ExProtos v0.0.10 h1:vCrGmdkA6nF/NWWltxGkU0iAev4EQzi3ZBHBPwwODuE=
github.com/DEEBBLUE/ExProtos v0.0.10/go.mod h1:pugzyn9As5AuaBxeTg934ZS+1eJ/1mTgnjSR3thLHwI=
